
Microsoft Visual Studio Solution File, Format Version 12.00
Project("{FAE04EC0-301F-11D3-BF4B-00C04F79EFBC}") = "Texnokaktus.ProgOlymp.Data", "Texnokaktus.ProgOlymp.Data\Texnokaktus.ProgOlymp.Data.csproj", "{8790276C-37B8-4401-8AFA-16275DB353EA}"
EndProject
Project("{FAE04EC0-301F-11D3-BF4B-00C04F79EFBC}") = "Texnokaktus.ProgOlymp.Data.DataAccess", "Texnokaktus.ProgOlymp.Data.DataAccess\Texnokaktus.ProgOlymp.Data.DataAccess.csproj", "{33CA6949-88B7-44D7-B1AF-6B13E8852FEB}"
EndProject
Global
	GlobalSection(SolutionConfigurationPlatforms) = preSolution
		Debug|Any CPU = Debug|Any CPU
		Release|Any CPU = Release|Any CPU
	EndGlobalSection
	GlobalSection(ProjectConfigurationPlatforms) = postSolution
		{8790276C-37B8-4401-8AFA-16275DB353EA}.Debug|Any CPU.ActiveCfg = Debug|Any CPU
		{8790276C-37B8-4401-8AFA-16275DB353EA}.Debug|Any CPU.Build.0 = Debug|Any CPU
		{8790276C-37B8-4401-8AFA-16275DB353EA}.Release|Any CPU.ActiveCfg = Release|Any CPU
		{8790276C-37B8-4401-8AFA-16275DB353EA}.Release|Any CPU.Build.0 = Release|Any CPU
		{33CA6949-88B7-44D7-B1AF-6B13E8852FEB}.Debug|Any CPU.ActiveCfg = Debug|Any CPU
		{33CA6949-88B7-44D7-B1AF-6B13E8852FEB}.Debug|Any CPU.Build.0 = Debug|Any CPU
		{33CA6949-88B7-44D7-B1AF-6B13E8852FEB}.Release|Any CPU.ActiveCfg = Release|Any CPU
		{33CA6949-88B7-44D7-B1AF-6B13E8852FEB}.Release|Any CPU.Build.0 = Release|Any CPU
	EndGlobalSection
EndGlobal
